
Microsoft Visual Studio Solution File, Format Version 12.00
# Visual Studio Version 17
VisualStudioVersion = 17.7.34221.43
MinimumVisualStudioVersion = 10.0.40219.1
Project("{FAE04EC0-301F-11D3-BF4B-00C04F79EFBC}") = "Desired_Book", "Desired_Book\Desired_Book.csproj", "{E7A90011-1D67-443B-A831-964AAC2F3544}"
EndProject
Global
	GlobalSection(SolutionConfigurationPlatforms) = preSolution
		Debug|Any CPU = Debug|Any CPU
		Release|Any CPU = Release|Any CPU
	EndGlobalSection
	GlobalSection(ProjectConfigurationPlatforms) = postSolution
		{E7A90011-1D67-443B-A831-964AAC2F3544}.Debug|Any CPU.ActiveCfg = Debug|Any CPU
		{E7A90011-1D67-443B-A831-964AAC2F3544}.Debug|Any CPU.Build.0 = Debug|Any CPU
		{E7A90011-1D67-443B-A831-964AAC2F3544}.Release|Any CPU.ActiveCfg = Release|Any CPU
		{E7A90011-1D67-443B-A831-964AAC2F3544}.Release|Any CPU.Build.0 = Release|Any CPU
	EndGlobalSection
	GlobalSection(SolutionProperties) = preSolution
		HideSolutionNode = FALSE
	EndGlobalSection
	GlobalSection(ExtensibilityGlobals) = postSolution
		SolutionGuid = {9556915E-3FF4-48EC-98E3-4022B53C2ACE}
	EndGlobalSection
EndGlobal
